
Microsoft Visual Studio Solution File, Format Version 12.00
# Visual Studio 15
VisualStudioVersion = 15.0.27703.2000
MinimumVisualStudioVersion = 10.0.40219.1
Project("{8BC9CEB8-8B4A-11D0-8D11-00A0C91BC942}") = "Bank GCSE challange", "Bank GCSE challange\Bank GCSE challange.vcxproj", "{51FF3F73-9C78-4196-B1BE-EEEC67B38D10}"
EndProject
Global
	GlobalSection(SolutionConfigurationPlatforms) = preSolution
		Debug|x64 = Debug|x64
		Debug|x86 = Debug|x86
		Release|x64 = Release|x64
		Release|x86 = Release|x86
	EndGlobalSection
	GlobalSection(ProjectConfigurationPlatforms) = postSolution
		{51FF3F73-9C78-4196-B1BE-EEEC67B38D10}.Debug|x64.ActiveCfg = Debug|x64
		{51FF3F73-9C78-4196-B1BE-EEEC67B38D10}.Debug|x64.Build.0 = Debug|x64
		{51FF3F73-9C78-4196-B1BE-EEEC67B38D10}.Debug|x86.ActiveCfg = Debug|Win32
		{51FF3F73-9C78-4196-B1BE-EEEC67B38D10}.Debug|x86.Build.0 = Debug|Win32
		{51FF3F73-9C78-4196-B1BE-EEEC67B38D10}.Release|x64.ActiveCfg = Release|x64
		{51FF3F73-9C78-4196-B1BE-EEEC67B38D10}.Release|x64.Build.0 = Release|x64
		{51FF3F73-9C78-4196-B1BE-EEEC67B38D10}.Release|x86.ActiveCfg = Release|Win32
		{51FF3F73-9C78-4196-B1BE-EEEC67B38D10}.Release|x86.Build.0 = Release|Win32
	EndGlobalSection
	GlobalSection(SolutionProperties) = preSolution
		HideSolutionNode = FALSE
	EndGlobalSection
	GlobalSection(ExtensibilityGlobals) = postSolution
		SolutionGuid = {AC6869FF-C903-425B-8DA3-04BE80A1BA92}
	EndGlobalSection
EndGlobal
